
Microsoft Visual Studio Solution File, Format Version 12.00
# Visual Studio Version 17
VisualStudioVersion = 17.8.34330.188
MinimumVisualStudioVersion = 10.0.40219.1
Project("{8BC9CEB8-8B4A-11D0-8D11-00A0C91BC942}") = "MorseCodeIntepretor", "MorseCodeIntepretor\MorseCodeIntepretor.vcxproj", "{1710D98C-5B00-4015-9551-C5B497C1C7D0}"
EndProject
Global
	GlobalSection(SolutionConfigurationPlatforms) = preSolution
		Debug|x64 = Debug|x64
		Debug|x86 = Debug|x86
		Release|x64 = Release|x64
		Release|x86 = Release|x86
	EndGlobalSection
	GlobalSection(ProjectConfigurationPlatforms) = postSolution
		{1710D98C-5B00-4015-9551-C5B497C1C7D0}.Debug|x64.ActiveCfg = Debug|x64
		{1710D98C-5B00-4015-9551-C5B497C1C7D0}.Debug|x64.Build.0 = Debug|x64
		{1710D98C-5B00-4015-9551-C5B497C1C7D0}.Debug|x86.ActiveCfg = Debug|Win32
		{1710D98C-5B00-4015-9551-C5B497C1C7D0}.Debug|x86.Build.0 = Debug|Win32
		{1710D98C-5B00-4015-9551-C5B497C1C7D0}.Release|x64.ActiveCfg = Release|x64
		{1710D98C-5B00-4015-9551-C5B497C1C7D0}.Release|x64.Build.0 = Release|x64
		{1710D98C-5B00-4015-9551-C5B497C1C7D0}.Release|x86.ActiveCfg = Release|Win32
		{1710D98C-5B00-4015-9551-C5B497C1C7D0}.Release|x86.Build.0 = Release|Win32
	EndGlobalSection
	GlobalSection(SolutionProperties) = preSolution
		HideSolutionNode = FALSE
	EndGlobalSection
	GlobalSection(ExtensibilityGlobals) = postSolution
		SolutionGuid = {B8961914-CBC4-4761-A559-CCF2205DCF3A}
	EndGlobalSection
EndGlobal
